
Microsoft Visual Studio Solution File, Format Version 12.00
# Visual Studio 14
VisualStudioVersion = 14.0.25420.1
MinimumVisualStudioVersion = 10.0.40219.1
Project("{2150E333-8FDC-42A3-9474-1A3956D46DE8}") = "src", "src", "{36DE3322-C661-4FBA-B9B2-2ED2B5BEE0BB}"
EndProject
Project("{2150E333-8FDC-42A3-9474-1A3956D46DE8}") = "Solution Items", "Solution Items", "{8BD8E107-914C-4FDF-8CEF-881E598B30E2}"
	ProjectSection(SolutionItems) = preProject
		global.json = global.json
	EndProjectSection
EndProject
Project("{8BB2217D-0F2D-49D1-97BC-3654ED321F3B}") = "MVCFileAndEmailUpload", "src\MVCFileAndEmailUpload\MVCFileAndEmailUpload.xproj", "{B9FAC0C0-BEEA-4F6F-939A-13C7D874FAEA}"
EndProject
Global
	GlobalSection(SolutionConfigurationPlatforms) = preSolution
		Debug|Any CPU = Debug|Any CPU
		Release|Any CPU = Release|Any CPU
	EndGlobalSection
	GlobalSection(ProjectConfigurationPlatforms) = postSolution
		{B9FAC0C0-BEEA-4F6F-939A-13C7D874FAEA}.Debug|Any CPU.ActiveCfg = Debug|Any CPU
		{B9FAC0C0-BEEA-4F6F-939A-13C7D874FAEA}.Debug|Any CPU.Build.0 = Debug|Any CPU
		{B9FAC0C0-BEEA-4F6F-939A-13C7D874FAEA}.Release|Any CPU.ActiveCfg = Release|Any CPU
		{B9FAC0C0-BEEA-4F6F-939A-13C7D874FAEA}.Release|Any CPU.Build.0 = Release|Any CPU
	EndGlobalSection
	GlobalSection(SolutionProperties) = preSolution
		HideSolutionNode = FALSE
	EndGlobalSection
	GlobalSection(NestedProjects) = preSolution
		{B9FAC0C0-BEEA-4F6F-939A-13C7D874FAEA} = {36DE3322-C661-4FBA-B9B2-2ED2B5BEE0BB}
	EndGlobalSection
EndGlobal
